[[package]]
name = "aiofiles"
version = "22.1.0"
description = "File support for asyncio."
category = "main"
optional = false
python-versions = ">=3.7,<4.0"

[[package]]
name = "blinker"
version = "1.5"
description = "Fast, simple object-to-object and broadcast signaling"
category = "main"
optional = false
python-versions = ">=2.7, !=3.0.*, !=3.1.*, !=3.2.*, !=3.3.*, !=3.4.*"

[[package]]
name = "certifi"
version = "2022.9.24"
description = "Python package for providing Mozilla's CA Bundle."
category = "main"
optional = false
python-versions = ">=3.6"

[[package]]
name = "charset-normalizer"
version = "2.1.1"
description = "The Real First Universal Charset Detector. Open, modern and actively maintained alternative to Chardet."
category = "main"
optional = false
python-versions = ">=3.6.0"

[package.extras]
unicode-backport = ["unicodedata2"]

[[package]]
name = "click"
version = "8.1.3"
description = "Composable command line interface toolkit"
category = "main"
optional = false
python-versions = ">=3.7"

[package.dependencies]
colorama = {version = "*", markers = "platform_system == \"Windows\""}

[[package]]
name = "colorama"
version = "0.4.6"
description = "Cross-platform colored terminal text."
category = "main"
optional = false
python-versions = "!=3.0.*,!=3.1.*,!=3.2.*,!=3.3.*,!=3.4.*,!=3.5.*,!=3.6.*,>=2.7"

[[package]]
name = "h11"
version = "0.14.0"
description = "A pure-Python, bring-your-own-I/O implementation of HTTP/1.1"
category = "main"
optional = false
python-versions = ">=3.7"

[[package]]
name = "h2"
version = "4.1.0"
description = "HTTP/2 State-Machine based protocol implementation"
category = "main"
optional = false
python-versions = ">=3.6.1"

[package.dependencies]
hpack = ">=4.0,<5"
hyperframe = ">=6.0,<7"

[[package]]
name = "hpack"
version = "4.0.0"
description = "Pure-Python HPACK header compression"
category = "main"
optional = false
python-versions = ">=3.6.1"

[[package]]
name = "hypercorn"
version = "0.14.3"
description = "A ASGI Server based on Hyper libraries and inspired by Gunicorn"
category = "main"
optional = false
python-versions = ">=3.7"

[package.dependencies]
h11 = "*"
h2 = ">=3.1.0"
priority = "*"
toml = "*"
wsproto = ">=0.14.0"

[package.extras]
docs = ["pydata_sphinx_theme"]
h3 = ["aioquic (>=0.9.0,<1.0)"]
trio = ["trio (>=0.11.0)"]
uvloop = ["uvloop"]

[[package]]
name = "hyperframe"
version = "6.0.1"
description = "HTTP/2 framing layer for Python"
category = "main"
optional = false
python-versions = ">=3.6.1"

[[package]]
name = "idna"
version = "3.4"
description = "Internationalized Domain Names in Applications (IDNA)"
category = "main"
optional = false
python-versions = ">=3.5"

[[package]]
name = "itsdangerous"
version = "2.1.2"
description = "Safely pass data to untrusted environments and back."
category = "main"
optional = false
python-versions = ">=3.7"

[[package]]
name = "jinja2"
version = "3.1.2"
description = "A very fast and expressive template engine."
category = "main"
optional = false
python-versions = ">=3.7"

[package.dependencies]
MarkupSafe = ">=2.0"

[package.extras]
i18n = ["Babel (>=2.7)"]

[[package]]
name = "markupsafe"
version = "2.1.1"
description = "Safely add untrusted strings to HTML/XML markup."
category = "main"
optional = false
python-versions = ">=3.7"

[[package]]
name = "priority"
version = "2.0.0"
description = "A pure-Python implementation of the HTTP/2 priority tree"
category = "main"
optional = false
python-versions = ">=3.6.1"

[[package]]
name = "pyaudio"
version = "0.2.12"
description = "Cross-platform audio I/O with PortAudio"
category = "main"
optional = false
python-versions = "*"

[package.extras]
test = ["numpy"]

[[package]]
name = "pygame"
version = "2.1.2"
description = "Python Game Development"
category = "main"
optional = false
python-versions = ">=3.6"

[[package]]
name = "pygbag"
version = "0.5.0"
description = "pygame wasm, package and run python/pygame directly in modern web browsers."
category = "main"
optional = false
python-versions = ">=3.8"

[package.dependencies]
quart = "*"
token-utils = "*"

[[package]]
name = "quart"
version = "0.18.3"
description = "A Python ASGI web microframework with the same API as Flask"
category = "main"
optional = false
python-versions = ">=3.7"

[package.dependencies]
aiofiles = "*"
blinker = "*"
click = ">=8.0.0"
hypercorn = ">=0.11.2"
itsdangerous = "*"
jinja2 = "*"
markupsafe = "*"
werkzeug = ">=2.2.0"

[package.extras]
docs = ["pydata_sphinx_theme"]
dotenv = ["python-dotenv"]

[[package]]
name = "requests"
version = "2.28.1"
description = "Python HTTP for Humans."
category = "main"
optional = false
python-versions = ">=3.7, <4"

[package.dependencies]
certifi = ">=2017.4.17"
charset-normalizer = ">=2,<3"
idna = ">=2.5,<4"
urllib3 = ">=1.21.1,<1.27"

[package.extras]
socks = ["PySocks (>=1.5.6,!=1.5.7)"]
use-chardet-on-py3 = ["chardet (>=3.0.2,<6)"]

[[package]]
name = "speechrecognition"
version = "3.9.0"
description = "Library for performing speech recognition, with support for several engines and APIs, online and offline."
category = "main"
optional = false
python-versions = "*"

[package.dependencies]
requests = ">=2.26.0"

[[package]]
name = "token-utils"
version = "0.1.8"
description = "Small utility to work with Python tokens"
category = "main"
optional = false
python-versions = ">=3.6"

[[package]]
name = "toml"
version = "0.10.2"
description = "Python Library for Tom's Obvious, Minimal Language"
category = "main"
optional = false
python-versions = ">=2.6, !=3.0.*, !=3.1.*, !=3.2.*"

[[package]]
name = "urllib3"
version = "1.26.13"
description = "HTTP library with thread-safe connection pooling, file post, and more."
category = "main"
optional = false
python-versions = ">=2.7, !=3.0.*, !=3.1.*, !=3.2.*, !=3.3.*, !=3.4.*, !=3.5.*"

[package.extras]
brotli = ["brotli (>=1.0.9)", "brotlicffi (>=0.8.0)", "brotlipy (>=0.6.0)"]
secure = ["certifi", "cryptography (>=1.3.4)", "idna (>=2.0.0)", "ipaddress", "pyOpenSSL (>=0.14)", "urllib3-secure-extra"]
socks = ["PySocks (>=1.5.6,!=1.5.7,<2.0)"]

[[package]]
name = "werkzeug"
version = "2.2.2"
description = "The comprehensive WSGI web application library."
category = "main"
optional = false
python-versions = ">=3.7"

[package.dependencies]
MarkupSafe = ">=2.1.1"

[package.extras]
watchdog = ["watchdog"]

[[package]]
name = "wsproto"
version = "1.2.0"
description = "WebSockets state-machine based protocol implementation"
category = "main"
optional = false
python-versions = ">=3.7.0"

[package.dependencies]
h11 = ">=0.9.0,<1"

[metadata]
lock-version = "1.1"
python-versions = "^3.10"
content-hash = "02d77fe8a19dbcc81a5aaa97c9a4ce9c7b0fd1497e960d8760af64113a7d6fb6"

[metadata.files]
aiofiles = [
    {file = "aiofiles-22.1.0-py3-none-any.whl", hash = "sha256:1142fa8e80dbae46bb6339573ad4c8c0841358f79c6eb50a493dceca14621bad"},
    {file = "aiofiles-22.1.0.tar.gz", hash = "sha256:9107f1ca0b2a5553987a94a3c9959fe5b491fdf731389aa5b7b1bd0733e32de6"},
]
blinker = [
    {file = "blinker-1.5-py2.py3-none-any.whl", hash = "sha256:1eb563df6fdbc39eeddc177d953203f99f097e9bf0e2b8f9f3cf18b6ca425e36"},
    {file = "blinker-1.5.tar.gz", hash = "sha256:923e5e2f69c155f2cc42dafbbd70e16e3fde24d2d4aa2ab72fbe386238892462"},
]
certifi = [
    {file = "certifi-2022.9.24-py3-none-any.whl", hash = "sha256:90c1a32f1d68f940488354e36370f6cca89f0f106db09518524c88d6ed83f382"},
    {file = "certifi-2022.9.24.tar.gz", hash = "sha256:0d9c601124e5a6ba9712dbc60d9c53c21e34f5f641fe83002317394311bdce14"},
]
charset-normalizer = [
    {file = "charset-normalizer-2.1.1.tar.gz", hash = "sha256:5a3d016c7c547f69d6f81fb0db9449ce888b418b5b9952cc5e6e66843e9dd845"},
    {file = "charset_normalizer-2.1.1-py3-none-any.whl", hash = "sha256:83e9a75d1911279afd89352c68b45348559d1fc0506b054b346651b5e7fee29f"},
]
click = [
    {file = "click-8.1.3-py3-none-any.whl", hash = "sha256:bb4d8133cb15a609f44e8213d9b391b0809795062913b383c62be0ee95b1db48"},
    {file = "click-8.1.3.tar.gz", hash = "sha256:7682dc8afb30297001674575ea00d1814d808d6a36af415a82bd481d37ba7b8e"},
]
colorama = [
    {file = "colorama-0.4.6-py2.py3-none-any.whl", hash = "sha256:4f1d9991f5acc0ca119f9d443620b77f9d6b33703e51011c16baf57afb285fc6"},
    {file = "colorama-0.4.6.tar.gz", hash = "sha256:08695f5cb7ed6e0531a20572697297273c47b8cae5a63ffc6d6ed5c201be6e44"},
]
h11 = [
    {file = "h11-0.14.0-py3-none-any.whl", hash = "sha256:e3fe4ac4b851c468cc8363d500db52c2ead036020723024a109d37346efaa761"},
    {file = "h11-0.14.0.tar.gz", hash = "sha256:8f19fbbe99e72420ff35c00b27a34cb9937e902a8b810e2c88300c6f0a3b699d"},
]
h2 = [
    {file = "h2-4.1.0-py3-none-any.whl", hash = "sha256:03a46bcf682256c95b5fd9e9a99c1323584c3eec6440d379b9903d709476bc6d"},
    {file = "h2-4.1.0.tar.gz", hash = "sha256:a83aca08fbe7aacb79fec788c9c0bac936343560ed9ec18b82a13a12c28d2abb"},
]
hpack = [
    {file = "hpack-4.0.0-py3-none-any.whl", hash = "sha256:84a076fad3dc9a9f8063ccb8041ef100867b1878b25ef0ee63847a5d53818a6c"},
    {file = "hpack-4.0.0.tar.gz", hash = "sha256:fc41de0c63e687ebffde81187a948221294896f6bdc0ae2312708df339430095"},
]
hypercorn = [
    {file = "Hypercorn-0.14.3-py3-none-any.whl", hash = "sha256:7c491d5184f28ee960dcdc14ab45d14633ca79d72ddd13cf4fcb4cb854d679ab"},
    {file = "Hypercorn-0.14.3.tar.gz", hash = "sha256:4a87a0b7bbe9dc75fab06dbe4b301b9b90416e9866c23a377df21a969d6ab8dd"},
]
hyperframe = [
    {file = "hyperframe-6.0.1-py3-none-any.whl", hash = "sha256:0ec6bafd80d8ad2195c4f03aacba3a8265e57bc4cff261e802bf39970ed02a15"},
    {file = "hyperframe-6.0.1.tar.gz", hash = "sha256:ae510046231dc8e9ecb1a6586f63d2347bf4c8905914aa84ba585ae85f28a914"},
]
idna = [
    {file = "idna-3.4-py3-none-any.whl", hash = "sha256:90b77e79eaa3eba6de819a0c442c0b4ceefc341a7a2ab77d7562bf49f425c5c2"},
    {file = "idna-3.4.tar.gz", hash = "sha256:814f528e8dead7d329833b91c5faa87d60bf71824cd12a7530b5526063d02cb4"},
]
itsdangerous = [
    {file = "itsdangerous-2.1.2-py3-none-any.whl", hash = "sha256:2c2349112351b88699d8d4b6b075022c0808887cb7ad10069318a8b0bc88db44"},
    {file = "itsdangerous-2.1.2.tar.gz", hash = "sha256:5dbbc68b317e5e42f327f9021763545dc3fc3bfe22e6deb96aaf1fc38874156a"},
]
jinja2 = [
    {file = "Jinja2-3.1.2-py3-none-any.whl", hash = "sha256:6088930bfe239f0e6710546ab9c19c9ef35e29792895fed6e6e31a023a182a61"},
    {file = "Jinja2-3.1.2.tar.gz", hash = "sha256:31351a702a408a9e7595a8fc6150fc3f43bb6bf7e319770cbc0db9df9437e852"},
]
markupsafe = [
    {file = "MarkupSafe-2.1.1-cp310-cp310-macosx_10_9_universal2.whl", hash = "sha256:86b1f75c4e7c2ac2ccdaec2b9022845dbb81880ca318bb7a0a01fbf7813e3812"},
    {file = "MarkupSafe-2.1.1-cp310-cp310-macosx_10_9_x86_64.whl", hash = "sha256:f121a1420d4e173a5d96e47e9a0c0dcff965afdf1626d28de1460815f7c4ee7a"},
    {file = "MarkupSafe-2.1.1-cp310-cp310-manylinux_2_17_aarch64.manylinux2014_aarch64.whl", hash = "sha256:a49907dd8420c5685cfa064a1335b6754b74541bbb3706c259c02ed65b644b3e"},
    {file = "MarkupSafe-2.1.1-cp310-cp310-manylinux_2_17_x86_64.manylinux2014_x86_64.whl", hash = "sha256:10c1bfff05d95783da83491be968e8fe789263689c02724e0c691933c52994f5"},
    {file = "MarkupSafe-2.1.1-cp310-cp310-manylinux_2_5_i686.manylinux1_i686.manylinux_2_17_i686.manylinux2014_i686.whl", hash = "sha256:b7bd98b796e2b6553da7225aeb61f447f80a1ca64f41d83612e6139ca5213aa4"},
    {file = "MarkupSafe-2.1.1-cp310-cp310-musllinux_1_1_aarch64.whl", hash = "sha256:b09bf97215625a311f669476f44b8b318b075847b49316d3e28c08e41a7a573f"},
    {file = "MarkupSafe-2.1.1-cp310-cp310-musllinux_1_1_i686.whl", hash = "sha256:694deca8d702d5db21ec83983ce0bb4b26a578e71fbdbd4fdcd387daa90e4d5e"},
    {file = "MarkupSafe-2.1.1-cp310-cp310-musllinux_1_1_x86_64.whl", hash = "sha256:efc1913fd2ca4f334418481c7e595c00aad186563bbc1ec76067848c7ca0a933"},
    {file = "MarkupSafe-2.1.1-cp310-cp310-win32.whl", hash = "sha256:4a33dea2b688b3190ee12bd7cfa29d39c9ed176bda40bfa11099a3ce5d3a7ac6"},
    {file = "MarkupSafe-2.1.1-cp310-cp310-win_amd64.whl", hash = "sha256:dda30ba7e87fbbb7eab1ec9f58678558fd9a6b8b853530e176eabd064da81417"},
    {file = "MarkupSafe-2.1.1-cp37-cp37m-macosx_10_9_x86_64.whl", hash = "sha256:671cd1187ed5e62818414afe79ed29da836dde67166a9fac6d435873c44fdd02"},
    {file = "MarkupSafe-2.1.1-cp37-cp37m-manylinux_2_17_aarch64.manylinux2014_aarch64.whl", hash = "sha256:3799351e2336dc91ea70b034983ee71cf2f9533cdff7c14c90ea126bfd95d65a"},
    {file = "MarkupSafe-2.1.1-cp37-cp37m-manylinux_2_17_x86_64.manylinux2014_x86_64.whl", hash = "sha256:e72591e9ecd94d7feb70c1cbd7be7b3ebea3f548870aa91e2732960fa4d57a37"},
    {file = "MarkupSafe-2.1.1-cp37-cp37m-manylinux_2_5_i686.manylinux1_i686.manylinux_2_17_i686.manylinux2014_i686.whl", hash = "sha256:6fbf47b5d3728c6aea2abb0589b5d30459e369baa772e0f37a0320185e87c980"},
    {file = "MarkupSafe-2.1.1-cp37-cp37m-musllinux_1_1_aarch64.whl", hash = "sha256:d5ee4f386140395a2c818d149221149c54849dfcfcb9f1debfe07a8b8bd63f9a"},
    {file = "MarkupSafe-2.1.1-cp37-cp37m-musllinux_1_1_i686.whl", hash = "sha256:bcb3ed405ed3222f9904899563d6fc492ff75cce56cba05e32eff40e6acbeaa3"},
    {file = "MarkupSafe-2.1.1-cp37-cp37m-musllinux_1_1_x86_64.whl", hash = "sha256:e1c0b87e09fa55a220f058d1d49d3fb8df88fbfab58558f1198e08c1e1de842a"},
    {file = "MarkupSafe-2.1.1-cp37-cp37m-win32.whl", hash = "sha256:8dc1c72a69aa7e082593c4a203dcf94ddb74bb5c8a731e4e1eb68d031e8498ff"},
    {file = "MarkupSafe-2.1.1-cp37-cp37m-win_amd64.whl", hash = "sha256:97a68e6ada378df82bc9f16b800ab77cbf4b2fada0081794318520138c088e4a"},
    {file = "MarkupSafe-2.1.1-cp38-cp38-macosx_10_9_universal2.whl", hash = "sha256:e8c843bbcda3a2f1e3c2ab25913c80a3c5376cd00c6e8c4a86a89a28c8dc5452"},
    {file = "MarkupSafe-2.1.1-cp38-cp38-macosx_10_9_x86_64.whl", hash = "sha256:0212a68688482dc52b2d45013df70d169f542b7394fc744c02a57374a4207003"},
    {file = "MarkupSafe-2.1.1-cp38-cp38-manylinux_2_17_aarch64.manylinux2014_aarch64.whl", hash = "sha256:8e576a51ad59e4bfaac456023a78f6b5e6e7651dcd383bcc3e18d06f9b55d6d1"},
    {file = "MarkupSafe-2.1.1-cp38-cp38-manylinux_2_17_x86_64.manylinux2014_x86_64.whl", hash = "sha256:4b9fe39a2ccc108a4accc2676e77da025ce383c108593d65cc909add5c3bd601"},
    {file = "MarkupSafe-2.1.1-cp38-cp38-manylinux_2_5_i686.manylinux1_i686.manylinux_2_17_i686.manylinux2014_i686.whl", hash = "sha256:96e37a3dc86e80bf81758c152fe66dbf60ed5eca3d26305edf01892257049925"},
    {file = "MarkupSafe-2.1.1-cp38-cp38-musllinux_1_1_aarch64.whl", hash = "sha256:6d0072fea50feec76a4c418096652f2c3238eaa014b2f94aeb1d56a66b41403f"},
    {file = "MarkupSafe-2.1.1-cp38-cp38-musllinux_1_1_i686.whl", hash = "sha256:089cf3dbf0cd6c100f02945abeb18484bd1ee57a079aefd52cffd17fba910b88"},
    {file = "MarkupSafe-2.1.1-cp38-cp38-musllinux_1_1_x86_64.whl", hash = "sha256:6a074d34ee7a5ce3effbc526b7083ec9731bb3cbf921bbe1d3005d4d2bdb3a63"},
    {file = "MarkupSafe-2.1.1-cp38-cp38-win32.whl", hash = "sha256:421be9fbf0ffe9ffd7a378aafebbf6f4602d564d34be190fc19a193232fd12b1"},
    {file = "MarkupSafe-2.1.1-cp38-cp38-win_amd64.whl", hash = "sha256:fc7b548b17d238737688817ab67deebb30e8073c95749d55538ed473130ec0c7"},
    {file = "MarkupSafe-2.1.1-cp39-cp39-macosx_10_9_universal2.whl", hash = "sha256:e04e26803c9c3851c931eac40c695602c6295b8d432cbe78609649ad9bd2da8a"},
    {file = "MarkupSafe-2.1.1-cp39-cp39-macosx_10_9_x86_64.whl", hash = "sha256:b87db4360013327109564f0e591bd2a3b318547bcef31b468a92ee504d07ae4f"},
    {file = "MarkupSafe-2.1.1-cp39-cp39-manylinux_2_17_aarch64.manylinux2014_aarch64.whl", hash = "sha256:99a2a507ed3ac881b975a2976d59f38c19386d128e7a9a18b7df6fff1fd4c1d6"},
    {file = "MarkupSafe-2.1.1-cp39-cp39-manylinux_2_17_x86_64.manylinux2014_x86_64.whl", hash = "sha256:56442863ed2b06d19c37f94d999035e15ee982988920e12a5b4ba29b62ad1f77"},
    {file = "MarkupSafe-2.1.1-cp39-cp39-manylinux_2_5_i686.manylinux1_i686.manylinux_2_17_i686.manylinux2014_i686.whl", hash = "sha256:3ce11ee3f23f79dbd06fb3d63e2f6af7b12db1d46932fe7bd8afa259a5996603"},
    {file = "MarkupSafe-2.1.1-cp39-cp39-musllinux_1_1_aarch64.whl", hash = "sha256:33b74d289bd2f5e527beadcaa3f401e0df0a89927c1559c8566c066fa4248ab7"},
    {file = "MarkupSafe-2.1.1-cp39-cp39-musllinux_1_1_i686.whl", hash = "sha256:43093fb83d8343aac0b1baa75516da6092f58f41200907ef92448ecab8825135"},
    {file = "MarkupSafe-2.1.1-cp39-cp39-musllinux_1_1_x86_64.whl", hash = "sha256:8e3dcf21f367459434c18e71b2a9532d96547aef8a871872a5bd69a715c15f96"},
    {file = "MarkupSafe-2.1.1-cp39-cp39-win32.whl", hash = "sha256:d4306c36ca495956b6d568d276ac11fdd9c30a36f1b6eb928070dc5360b22e1c"},
    {file = "MarkupSafe-2.1.1-cp39-cp39-win_amd64.whl", hash = "sha256:46d00d6cfecdde84d40e572d63735ef81423ad31184100411e6e3388d405e247"},
    {file = "MarkupSafe-2.1.1.tar.gz", hash = "sha256:7f91197cc9e48f989d12e4e6fbc46495c446636dfc81b9ccf50bb0ec74b91d4b"},
]
priority = [
    {file = "priority-2.0.0-py3-none-any.whl", hash = "sha256:6f8eefce5f3ad59baf2c080a664037bb4725cd0a790d53d59ab4059288faf6aa"},
    {file = "priority-2.0.0.tar.gz", hash = "sha256:c965d54f1b8d0d0b19479db3924c7c36cf672dbf2aec92d43fbdaf4492ba18c0"},
]
pyaudio = [
    {file = "PyAudio-0.2.12-cp310-cp310-win32.whl", hash = "sha256:71fc1688732fced907ae707d609cc3eead9fa05baf703bf08885f71a8fd9c658"},
    {file = "PyAudio-0.2.12-cp310-cp310-win_amd64.whl", hash = "sha256:ffa235c220992e417e5a462f6d73ffb1be54b683005a1c6b185139580f59e234"},
    {file = "PyAudio-0.2.12-cp311-cp311-win32.whl", hash = "sha256:5678725eb828742ea3febf381b1bd0bb94ba76c35e5e0daeab84e4c50f9f5d47"},
    {file = "PyAudio-0.2.12-cp311-cp311-win_amd64.whl", hash = "sha256:19f654bd516154a655d9569d12d2a86ab5dfd58d039c0e4c6d1a26ec4ca02d89"},
    {file = "PyAudio-0.2.12-cp37-cp37m-win32.whl", hash = "sha256:d89f065adc0058df90ec59aa6b35c1c036f17bb4323fb68b4267c12924e9553e"},
    {file = "PyAudio-0.2.12-cp37-cp37m-win_amd64.whl", hash = "sha256:2f4206c6a8d2eeb2d1f054c69e3741c8634cfafe7887be4950a2f7d273700f8a"},
    {file = "PyAudio-0.2.12-cp38-cp38-win32.whl", hash = "sha256:0f9debc6e47b6a5a4fe9da9d213d4bfe5e8096e68f0612f1b9097e3253eeea4d"},
    {file = "PyAudio-0.2.12-cp38-cp38-win_amd64.whl", hash = "sha256:1c29930cf2e392d8b21a4c6253efe39d7400e37d61a7991756d3b00a46bf18ce"},
    {file = "PyAudio-0.2.12-cp39-cp39-win32.whl", hash = "sha256:dafe891903402694a0fc87663bdb9b89e7fa66872446c5ef0c9d71ac4780cf1d"},
    {file = "PyAudio-0.2.12-cp39-cp39-win_amd64.whl", hash = "sha256:880aff391a73ff5e94bae73e32d3b8e27e988a93afec2dd9c74dcd92c305f8cc"},
    {file = "PyAudio-0.2.12.tar.gz", hash = "sha256:55ddf5db72bc537bba5f5dbca3ab9f0222ee5b842bda83978eab0b7b8f60fb9e"},
]
pygame = [
    {file = "pygame-2.1.2-cp310-cp310-macosx_10_9_x86_64.whl", hash = "sha256:f149e182d0eeef15d8a9b4c9dad1b87dc6eba3a99bd3c44a777a3a2b053a3dca"},
    {file = "pygame-2.1.2-cp310-cp310-macosx_11_0_arm64.whl", hash = "sha256:dc4444d61d48c5546df5137cdf81554887ddb6e2ef1be7f51eb77ea3b6bdd56f"},
    {file = "pygame-2.1.2-cp310-cp310-manylinux_2_12_i686.manylinux2010_i686.whl", hash = "sha256:a0ccf8e3dce7ca67d523a6020b7e3dbf4b26797a9a8db5cc4c7b5ef20fb64701"},
    {file = "pygame-2.1.2-cp310-cp310-manylinux_2_12_x86_64.manylinux2010_x86_64.whl", hash = "sha256:7889dce887ec83c9a0bef8d9eb3669d8863fdaf37c45bacec707d8ad90b24a38"},
    {file = "pygame-2.1.2-cp310-cp310-manylinux_2_17_aarch64.manylinux2014_aarch64.whl", hash = "sha256:db2f40d5a75fd9cdda473c58b0d8b294da6e0179f00bb3b1fc2f7f29cac09bea"},
    {file = "pygame-2.1.2-cp310-cp310-manylinux_2_17_i686.manylinux2014_i686.whl", hash = "sha256:e4b4cd440d50a9f8551b8989e856aab175593af07eb825cad22fd2f8f6f2ffce"},
    {file = "pygame-2.1.2-cp310-cp310-manylinux_2_17_x86_64.manylinux2014_x86_64.whl", hash = "sha256:754c2906f2ef47173a14493e1de116b2a56a2c8e1764f1202ba844d080248a5b"},
    {file = "pygame-2.1.2-cp310-cp310-win32.whl", hash = "sha256:c99b95e62cdda29c2e60235d7763447c168a6a877403e6f9ca5b2e2bb297c2ce"},
    {file = "pygame-2.1.2-cp310-cp310-win_amd64.whl", hash = "sha256:9649419254d3282dae41f23837de4108b17bc62187c3acd8af2ae3801b765cbd"},
    {file = "pygame-2.1.2-cp36-cp36m-macosx_10_9_x86_64.whl", hash = "sha256:dcc285ee1f1d0e2672cc52f880fd3f564b1505de710e817f692fbf64a72ca657"},
    {file = "pygame-2.1.2-cp36-cp36m-manylinux_2_12_i686.manylinux2010_i686.whl", hash = "sha256:e1bb25986db77a48f632469c6bc61baf7508ce945aa6161c02180d4ee5ac5b8d"},
    {file = "pygame-2.1.2-cp36-cp36m-manylinux_2_12_x86_64.manylinux2010_x86_64.whl", hash = "sha256:e7a8e18677e0064b7a422f6653a622652d932826a27e50f279d55a8b122a1a83"},
    {file = "pygame-2.1.2-cp36-cp36m-manylinux_2_17_aarch64.manylinux2014_aarch64.whl", hash = "sha256:dd528dbb91eca16f7522c975d0f9e94b95f6b5024c82c3247dc0383d242d33c6"},
    {file = "pygame-2.1.2-cp36-cp36m-manylinux_2_17_i686.manylinux2014_i686.whl", hash = "sha256:fcc9586e17875c0cdf8764597955f9daa979098fd4f80be07ed68276ac225480"},
    {file = "pygame-2.1.2-cp36-cp36m-manylinux_2_17_x86_64.manylinux2014_x86_64.whl", hash = "sha256:c9ce7f3d8af14d7e04eb7eb41c5e5313c43508c252bb2b9eb53e51fc87ada9fd"},
    {file = "pygame-2.1.2-cp36-cp36m-manylinux_2_5_i686.manylinux1_i686.whl", hash = "sha256:e09044e9e1aa8512d6a9c7ce5f94b881824bcfc401105f3c24f546dfc3bb4aa5"},
    {file = "pygame-2.1.2-cp36-cp36m-manylinux_2_5_x86_64.manylinux1_x86_64.whl", hash = "sha256:40e4d8d65985bb467d9c5a1305fb53fd6820c61d764979600becab973339676f"},
    {file = "pygame-2.1.2-cp36-cp36m-win32.whl", hash = "sha256:50d9a21edd551669862c27c9272747401b20b1939abaacb842c08ea1cdd1c04d"},
    {file = "pygame-2.1.2-cp36-cp36m-win_amd64.whl", hash = "sha256:e18c9466131378421d00fc40b637425229238d506a073d9c537b230b355a25d6"},
    {file = "pygame-2.1.2-cp37-cp37m-macosx_10_9_x86_64.whl", hash = "sha256:07ca9f683075aea9bd977af9f09a720ebf747343d3ea8103e4f1735283b02330"},
    {file = "pygame-2.1.2-cp37-cp37m-manylinux_2_12_i686.manylinux2010_i686.whl", hash = "sha256:3c8d6637ff75351e581327efefa9d04eeb0f257b533392b6cc6b15ceca4f7c5e"},
    {file = "pygame-2.1.2-cp37-cp37m-manylinux_2_12_x86_64.manylinux2010_x86_64.whl", hash = "sha256:5ebbefb8b576572c8fc97a3321d37dc2b4afea6b6e3877a67f7158d8c2c4cefe"},
    {file = "pygame-2.1.2-cp37-cp37m-manylinux_2_17_aarch64.manylinux2014_aarch64.whl", hash = "sha256:9d6452419e01a0f848aed0597f69fd10a4c2a7750c15d1b0607f86090a39dcf3"},
    {file = "pygame-2.1.2-cp37-cp37m-manylinux_2_17_i686.manylinux2014_i686.whl", hash = "sha256:e627300a66a90651fb39e41601d447b1fdbbfffca3f08ef0278d6cc0436b2160"},
    {file = "pygame-2.1.2-cp37-cp37m-manylinux_2_17_x86_64.manylinux2014_x86_64.whl", hash = "sha256:a56a811d8821f7b9a594e3d0e0dd8bd39b25e3eea8963d5963263b90fd2ea5c2"},
    {file = "pygame-2.1.2-cp37-cp37m-manylinux_2_5_i686.manylinux1_i686.whl", hash = "sha256:24b4f7f30fa2b3d092b60be6fcc725fb91d569fc87a9bcc91614ee8b0c005726"},
    {file = "pygame-2.1.2-cp37-cp37m-manylinux_2_5_x86_64.manylinux1_x86_64.whl", hash = "sha256:8e87716114e97322fb177e223d889a4be369a0f73212f4f8507fe0cd43253b23"},
    {file = "pygame-2.1.2-cp37-cp37m-win32.whl", hash = "sha256:20676da24e3e3e6b9fc4eecc7ba09d77ef46c3a83a028763ba1d222476c2e3fb"},
    {file = "pygame-2.1.2-cp37-cp37m-win_amd64.whl", hash = "sha256:93c4cbfc942dd00410eaa9e84252129f9f9993f37f683006d7b49ab245342254"},
    {file = "pygame-2.1.2-cp38-cp38-macosx_10_9_x86_64.whl", hash = "sha256:2405414d8c572668e04739875661e030a0c588e197fa95463fe301c3d0a0510b"},
    {file = "pygame-2.1.2-cp38-cp38-macosx_11_0_arm64.whl", hash = "sha256:e8632f6b2ddb90f6f3950744bd65d5ef15af615e3034057fa30ff836f48a7179"},
    {file = "pygame-2.1.2-cp38-cp38-manylinux_2_12_i686.manylinux2010_i686.whl", hash = "sha256:ca5ef1315fa67c241a657ab077be44f230c05740c95f0b46409457dceefdc7e5"},
    {file = "pygame-2.1.2-cp38-cp38-manylinux_2_12_x86_64.manylinux2010_x86_64.whl", hash = "sha256:1219a963941bd53aa754e8449364c142004fe706c33a9c22ff2a76521a82d078"},
    {file = "pygame-2.1.2-cp38-cp38-manylinux_2_17_aarch64.manylinux2014_aarch64.whl", hash = "sha256:3bb0674aa789848ddc264bfc60c54965bf3bb659c141de4f600e379acc9b944c"},
    {file = "pygame-2.1.2-cp38-cp38-manylinux_2_17_i686.manylinux2014_i686.whl", hash = "sha256:24254c4244f0d9bdc904f5d3f38e86757ca4c6aa0e44a6d55ef5e016bc7274d6"},
    {file = "pygame-2.1.2-cp38-cp38-manylinux_2_17_x86_64.manylinux2014_x86_64.whl", hash = "sha256:97a74ba186deee68318a52637012ef6abf5be6282c659e1d1ba6ad08cf35ec85"},
    {file = "pygame-2.1.2-cp38-cp38-manylinux_2_5_i686.manylinux1_i686.whl", hash = "sha256:0e97d38308c441942577fea7fcd1326308bc56d6be6c024218e94d075d322e0f"},
    {file = "pygame-2.1.2-cp38-cp38-manylinux_2_5_x86_64.manylinux1_x86_64.whl", hash = "sha256:ea36f4f93524554a35cac2359df63b50af6556ed866830aa1f07f0d8580280ea"},
    {file = "pygame-2.1.2-cp38-cp38-win32.whl", hash = "sha256:4aa3ae32320cc704d63e185864e44f6265c2a6e52c9384afe152cc3d51b3a2ef"},
    {file = "pygame-2.1.2-cp38-cp38-win_amd64.whl", hash = "sha256:9d7b021b8dde5d528363e474bc18bd6f79a9666eef89fb4859bcb8f0a536c9de"},
    {file = "pygame-2.1.2-cp39-cp39-macosx_10_9_x86_64.whl", hash = "sha256:660c80c0b2e80f1f801715583b759fb4c7bc0c11eb3b534e89c9fc4bfbc38acd"},
    {file = "pygame-2.1.2-cp39-cp39-macosx_11_0_arm64.whl", hash = "sha256:dad6bf3fdd3752d7519422f3732be779b98fe7c87d32c3efe2fdffdcbeebb6ca"},
    {file = "pygame-2.1.2-cp39-cp39-manylinux_2_12_i686.manylinux2010_i686.whl", hash = "sha256:119dee20c372c85dc47b717119534d15a60c64ceab8b0eb09278866d10486afe"},
    {file = "pygame-2.1.2-cp39-cp39-manylinux_2_12_x86_64.manylinux2010_x86_64.whl", hash = "sha256:fc2e5db54491e8f27785fc5204c96f540d3557dcf5b0a9a857b6594d6b32561b"},
    {file = "pygame-2.1.2-cp39-cp39-manylinux_2_17_aarch64.manylinux2014_aarch64.whl", hash = "sha256:d2d3c50ee9847b743db6cd7b1bb17a94c2c2abc16679d70f5e745cabdf19e655"},
    {file = "pygame-2.1.2-cp39-cp39-manylinux_2_17_i686.manylinux2014_i686.whl", hash = "sha256:6ecda8dd4583982bb65f9c682f244a5e94524dcf628379766227e9ed97201a49"},
    {file = "pygame-2.1.2-cp39-cp39-manylinux_2_17_x86_64.manylinux2014_x86_64.whl", hash = "sha256:0e06ae8e1c830f1b9c36a2bc6bb11de840232e95b78e2c349c6ed803a303be19"},
    {file = "pygame-2.1.2-cp39-cp39-manylinux_2_5_i686.manylinux1_i686.whl", hash = "sha256:c5ea87da5fe4b6164c3854f3b0c9146811dbad0dd7fa74297683dfacc485ae1c"},
    {file = "pygame-2.1.2-cp39-cp39-manylinux_2_5_x86_64.manylinux1_x86_64.whl", hash = "sha256:0427c103f741234336e5606d2fad86f5403c1a3d1dc55c309fbff3c984f0c9ae"},
    {file = "pygame-2.1.2-cp39-cp39-win32.whl", hash = "sha256:5e88b0d4338b94960686f59396f23f7f684fed4859fcc3b9f40286d72c1c61af"},
    {file = "pygame-2.1.2-cp39-cp39-win_amd64.whl", hash = "sha256:5d0c14152d0ca8ef5fbcc5ed9981462bdf59a9ae85a291e62d8a8d0b7e5cbe43"},
    {file = "pygame-2.1.2-pp36-pypy36_pp73-win32.whl", hash = "sha256:636f51f56615d67459b11918206bb4da30cd7d7042027bf997c218ccd6c77902"},
    {file = "pygame-2.1.2-pp37-pypy37_pp73-macosx_10_9_x86_64.whl", hash = "sha256:ff961c3280d6ee5f4163f4772f963d7a4dbe42e36c6dd54b79ad436c1f046e5d"},
    {file = "pygame-2.1.2-pp37-pypy37_pp73-manylinux_2_12_i686.manylinux2010_i686.whl", hash = "sha256:fc30e834f65b893d1b4c230070183bf98e6b70c41c1511687e8436a33d5ce49d"},
    {file = "pygame-2.1.2-pp37-pypy37_pp73-manylinux_2_12_x86_64.manylinux2010_x86_64.whl", hash = "sha256:5c7600bf307de1ca1dca0cc7840e34604d5b0b0a5a5dad345c3fa62b054b886d"},
    {file = "pygame-2.1.2-pp37-pypy37_pp73-manylinux_2_17_i686.manylinux2014_i686.whl", hash = "sha256:7fdb93b4282962c9a2ebf1af994ee698be823dd913218ed97a5f2fb372b10b66"},
    {file = "pygame-2.1.2-pp37-pypy37_pp73-manylinux_2_17_x86_64.manylinux2014_x86_64.whl", hash = "sha256:1fddec8829e96424800c806582d73a5173b7d48946cccf7d035839ca09850db8"},
    {file = "pygame-2.1.2.tar.gz", hash = "sha256:d6d0eca28f886f0477cd0721ac688189155a587f2bb8eae740e52ca56c3ad23c"},
]
pygbag = [
    {file = "pygbag-0.5.0-py3-none-any.whl", hash = "sha256:43cb27d54b65a85b72d67f28348b4859ab15ebc9617563f416bc2d091a5b6a40"},
    {file = "pygbag-0.5.0.tar.gz", hash = "sha256:61fa73768e3ef7b90dcb99eee9c2e7100941bfd687da549129a1e58570d10563"},
]
quart = [
    {file = "Quart-0.18.3-py3-none-any.whl", hash = "sha256:c221a7deb83a014dee040108d654b6141fe37f59e249c5caa0fdcf6506caf50b"},
    {file = "Quart-0.18.3.tar.gz", hash = "sha256:dc4de597d5d4693627c90904b233d729531f6b27c1164f760476d3967aee2a4a"},
]
requests = [
    {file = "requests-2.28.1-py3-none-any.whl", hash = "sha256:8fefa2a1a1365bf5520aac41836fbee479da67864514bdb821f31ce07ce65349"},
    {file = "requests-2.28.1.tar.gz", hash = "sha256:7c5599b102feddaa661c826c56ab4fee28bfd17f5abca1ebbe3e7f19d7c97983"},
]
speechrecognition = [
    {file = "SpeechRecognition-3.9.0-py2.py3-none-any.whl", hash = "sha256:6da44facb564b3f2bcee96a2bf876b89a14f61afdee1e7fb12815e58211fd329"},
    {file = "SpeechRecognition-3.9.0.tar.gz", hash = "sha256:a2f992acda6314a3fa574bf84c2e075ce75f2b4c143b4435d7cbc98f66565ee7"},
]
token-utils = [
    {file = "token-utils-0.1.8.tar.gz", hash = "sha256:7f4e2ff973822ce1e1829ba70e17d00b315a570c5be625b01a3f361933c2f86a"},
    {file = "token_utils-0.1.8-py3-none-any.whl", hash = "sha256:8bdca11ae8aacab3e47dacbb21165c2d118167d2a0a59b93e61aa8af03f62481"},
]
toml = [
    {file = "toml-0.10.2-py2.py3-none-any.whl", hash = "sha256:806143ae5bfb6a3c6e736a764057db0e6a0e05e338b5630894a5f779cabb4f9b"},
    {file = "toml-0.10.2.tar.gz", hash = "sha256:b3bda1d108d5dd99f4a20d24d9c348e91c4db7ab1b749200bded2f839ccbe68f"},
]
urllib3 = [
    {file = "urllib3-1.26.13-py2.py3-none-any.whl", hash = "sha256:47cc05d99aaa09c9e72ed5809b60e7ba354e64b59c9c173ac3018642d8bb41fc"},
    {file = "urllib3-1.26.13.tar.gz", hash = "sha256:c083dd0dce68dbfbe1129d5271cb90f9447dea7d52097c6e0126120c521ddea8"},
]
werkzeug = [
    {file = "Werkzeug-2.2.2-py3-none-any.whl", hash = "sha256:f979ab81f58d7318e064e99c4506445d60135ac5cd2e177a2de0089bfd4c9bd5"},
    {file = "Werkzeug-2.2.2.tar.gz", hash = "sha256:7ea2d48322cc7c0f8b3a215ed73eabd7b5d75d0b50e31ab006286ccff9e00b8f"},
]
wsproto = [
    {file = "wsproto-1.2.0-py3-none-any.whl", hash = "sha256:b9acddd652b585d75b20477888c56642fdade28bdfd3579aa24a4d2c037dd736"},
    {file = "wsproto-1.2.0.tar.gz", hash = "sha256:ad565f26ecb92588a3e43bc3d96164de84cd9902482b130d0ddbaa9664a85065"},
]
